// !$*UTF8*$!
{
	archiveVersion = 1;
	classes = {
	};
	objectVersion = 46;
	objects = {

/* Begin PBXBuildFile section */
		8F8569141EDC10C80073E901 /* main.c in Sources */ = {isa = PBXBuildFile; fileRef = 8F8569131EDC10C80073E901 /* main.c */; };
/* End PBXBuildFile section */

/* Begin PBXCopyFilesBuildPhase section */
		8F17AEBA1ED57D1E009CD4A8 /* CopyFiles */ = {
			isa = PBXCopyFilesBuildPhase;
			buildActionMask = 2147483647;
			dstPath = /usr/share/man/man1/;
			dstSubfolderSpec = 0;
			files = (
			);
			runOnlyForDeploymentPostprocessing = 1;
		};
/* End PBXCopyFilesBuildPhase section */

/* Begin PBXFileReference section */
		8F17AEBC1ED57D1E009CD4A8 /* Algorithms */ = {isa = PBXFileReference; explicitFileType = "compiled.mach-o.executable"; includeInIndex = 0; path = Algorithms; sourceTree = BUILT_PRODUCTS_DIR; };
		8F24774C1EDD942B00B6CE1F /* ContainStringHandle.c */ = {isa = PBXFileReference; lastKnownFileType = sourcecode.c.c; path = ContainStringHandle.c; sourceTree = "<group>"; };
		8F24774D1EDD942B00B6CE1F /* ConvertStringToInt.c */ = {isa = PBXFileReference; lastKnownFileType = sourcecode.c.c; path = ConvertStringToInt.c; sourceTree = "<group>"; };
		8F24774E1EDD942B00B6CE1F /* ReverseStringHandle.c */ = {isa = PBXFileReference; lastKnownFileType = sourcecode.c.c; path = ReverseStringHandle.c; sourceTree = "<group>"; };
		8F8569131EDC10C80073E901 /* main.c */ = {isa = PBXFileReference; fileEncoding = 4; lastKnownFileType = sourcecode.c.c; path = main.c; sourceTree = "<group>"; };
		8FDA83141EDD5AA30062280D /* BinarySearch.c */ = {isa = PBXFileReference; lastKnownFileType = sourcecode.c.c; path = BinarySearch.c; sourceTree = "<group>"; };
		8FDA83151EDD5AA30062280D /* BubbleSort.c */ = {isa = PBXFileReference; lastKnownFileType = sourcecode.c.c; path = BubbleSort.c; sourceTree = "<group>"; };
		8FDA83161EDD5AA30062280D /* BucketSort.c */ = {isa = PBXFileReference; lastKnownFileType = sourcecode.c.c; path = BucketSort.c; sourceTree = "<group>"; };
		8FDA83171EDD5AA30062280D /* QuickSort.c */ = {isa = PBXFileReference; lastKnownFileType = sourcecode.c.c; path = QuickSort.c; sourceTree = "<group>"; };
/* End PBXFileReference section */

/* Begin PBXFrameworksBuildPhase section */
		8F17AEB91ED57D1E009CD4A8 /* Frameworks */ = {
			isa = PBXFrameworksBuildPhase;
			buildActionMask = 2147483647;
			files = (
			);
			runOnlyForDeploymentPostprocessing = 0;
		};
/* End PBXFrameworksBuildPhase section */

/* Begin PBXGroup section */
		8F17AEB31ED57D1E009CD4A8 = {
			isa = PBXGroup;
			children = (
				8F17AEBE1ED57D1E009CD4A8 /* Algorithms */,
				8F17AEBD1ED57D1E009CD4A8 /* Products */,
			);
			sourceTree = "<group>";
		};
		8F17AEBD1ED57D1E009CD4A8 /* Products */ = {
			isa = PBXGroup;
			children = (
				8F17AEBC1ED57D1E009CD4A8 /* Algorithms */,
			);
			name = Products;
			sourceTree = "<group>";
		};
		8F17AEBE1ED57D1E009CD4A8 /* Algorithms */ = {
			isa = PBXGroup;
			children = (
				8F24774B1EDD942B00B6CE1F /* StringHandle */,
				8FDA83131EDD5AA30062280D /* YL_Sort */,
				8F8569131EDC10C80073E901 /* main.c */,
			);
			path = Algorithms;
			sourceTree = "<group>";
		};
		8F24774B1EDD942B00B6CE1F /* StringHandle */ = {
			isa = PBXGroup;
			children = (
				8F24774C1EDD942B00B6CE1F /* ContainStringHandle.c */,
				8F24774D1EDD942B00B6CE1F /* ConvertStringToInt.c */,
				8F24774E1EDD942B00B6CE1F /* ReverseStringHandle.c */,
			);
			path = StringHandle;
			sourceTree = "<group>";
		};
		8FDA83131EDD5AA30062280D /* YL_Sort */ = {
			isa = PBXGroup;
			children = (
				8FDA83141EDD5AA30062280D /* BinarySearch.c */,
				8FDA83151EDD5AA30062280D /* BubbleSort.c */,
				8FDA83161EDD5AA30062280D /* BucketSort.c */,
				8FDA83171EDD5AA30062280D /* QuickSort.c */,
			);
			path = YL_Sort;
			sourceTree = "<group>";
		};
/* End PBXGroup section */

/* Begin PBXNativeTarget section */
		8F17AEBB1ED57D1E009CD4A8 /* Algorithms */ = {
			isa = PBXNativeTarget;
			buildConfigurationList = 8F17AEC31ED57D1E009CD4A8 /* Build configuration list for PBXNativeTarget "Algorithms" */;
			buildPhases = (
				8F17AEB81ED57D1E009CD4A8 /* Sources */,
				8F17AEB91ED57D1E009CD4A8 /* Frameworks */,
				8F17AEBA1ED57D1E009CD4A8 /* CopyFiles */,
			);
			buildRules = (
			);
			dependencies = (
			);
			name = Algorithms;
			productName = Algorithms;
			productReference = 8F17AEBC1ED57D1E009CD4A8 /* Algorithms */;
			productType = "com.apple.product-type.tool";
		};
/* End PBXNativeTarget section */

/* Begin PBXProject section */
		8F17AEB41ED57D1E009CD4A8 /* Project object */ = {
			isa = PBXProject;
			attributes = {
				LastUpgradeCheck = 0830;
				ORGANIZATIONNAME = yangli;
				TargetAttributes = {
					8F17AEBB1ED57D1E009CD4A8 = {
						CreatedOnToolsVersion = 8.3.2;
						DevelopmentTeam = DW37L9ATXF;
						ProvisioningStyle = Automatic;
					};
				};
			};
			buildConfigurationList = 8F17AEB71ED57D1E009CD4A8 /* Build configuration list for PBXProject "Algorithms" */;
			compatibilityVersion = "Xcode 3.2";
			developmentRegion = English;
			hasScannedForEncodings = 0;
			knownRegions = (
				en,
			);
			mainGroup = 8F17AEB31ED57D1E009CD4A8;
			productRefGroup = 8F17AEBD1ED57D1E009CD4A8 /* Products */;
			projectDirPath = "";
			projectRoot = "";
			targets = (
				8F17AEBB1ED57D1E009CD4A8 /* Algorithms */,
			);
		};
/* End PBXProject section */

/* Begin PBXSourcesBuildPhase section */
		8F17AEB81ED57D1E009CD4A8 /* Sources */ = {
			isa = PBXSourcesBuildPhase;
			buildActionMask = 2147483647;
			files = (
				8F8569141EDC10C80073E901 /* main.c in Sources */,
			);
			runOnlyForDeploymentPostprocessing = 0;
		};
/* End PBXSourcesBuildPhase section */

/* Begin XCBuildConfiguration section */
		8F17AEC11ED57D1E009CD4A8 /* Debug */ = {
			isa = XCBuildConfiguration;
			buildSettings = {
				ALWAYS_SEARCH_USER_PATHS = NO;
				CLANG_ANALYZER_NONNULL = YES;
				CLANG_ANALYZER_NUMBER_OBJECT_CONVERSION = YES_AGGRESSIVE;
				CLANG_CXX_LANGUAGE_STANDARD = "gnu++0x";
				CLANG_CXX_LIBRARY = "libc++";
				CLANG_ENABLE_MODULES = YES;
				CLANG_ENABLE_OBJC_ARC = YES;
				CLANG_WARN_BOOL_CONVERSION = YES;
				CLANG_WARN_CONSTANT_CONVERSION = YES;
				CLANG_WARN_DIRECT_OBJC_ISA_USAGE = YES_ERROR;
				CLANG_WARN_DOCUMENTATION_COMMENTS = YES;
				CLANG_WARN_EMPTY_BODY = YES;
				CLANG_WARN_ENUM_CONVERSION = YES;
				CLANG_WARN_INFINITE_RECURSION = YES;
				CLANG_WARN_INT_CONVERSION = YES;
				CLANG_WARN_OBJC_ROOT_CLASS = YES_ERROR;
				CLANG_WARN_SUSPICIOUS_MOVE = YES;
				CLANG_WARN_UNREACHABLE_CODE = YES;
				CLANG_WARN__DUPLICATE_METHOD_MATCH = YES;
				CODE_SIGN_IDENTITY = "-";
				COPY_PHASE_STRIP = NO;
				DEBUG_INFORMATION_FORMAT = dwarf;
				ENABLE_STRICT_OBJC_MSGSEND = YES;
				ENABLE_TESTABILITY = YES;
				GCC_C_LANGUAGE_STANDARD = gnu99;
				GCC_DYNAMIC_NO_PIC = NO;
				GCC_NO_COMMON_BLOCKS = YES;
				GCC_OPTIMIZATION_LEVEL = 0;
				GCC_PREPROCESSOR_DEFINITIONS = (
					"DEBUG=1",
					"$(inherited)",
				);
				GCC_WARN_64_TO_32_BIT_CONVERSION = YES;
				GCC_WARN_ABOUT_RETURN_TYPE = YES_ERROR;
				GCC_WARN_UNDECLARED_SELECTOR = YES;
				GCC_WARN_UNINITIALIZED_AUTOS = YES_AGGRESSIVE;
				GCC_WARN_UNUSED_FUNCTION = YES;
				GCC_WARN_UNUSED_VARIABLE = YES;
				MACOSX_DEPLOYMENT_TARGET = 10.12;
				MTL_ENABLE_DEBUG_INFO = YES;
				ONLY_ACTIVE_ARCH = YES;
				SDKROOT = macosx;
			};
			name = Debug;
		};
		8F17AEC21ED57D1E009CD4A8 /* Release */ = {
			isa = XCBuildConfiguration;
			buildSettings = {
				ALWAYS_SEARCH_USER_PATHS = NO;
				CLANG_ANALYZER_NONNULL = YES;
				CLANG_ANALYZER_NUMBER_OBJECT_CONVERSION = YES_AGGRESSIVE;
				CLANG_CXX_LANGUAGE_STANDARD = "gnu++0x";
				CLANG_CXX_LIBRARY = "libc++";
				CLANG_ENABLE_MODULES = YES;
				CLANG_ENABLE_OBJC_ARC = YES;
				CLANG_WARN_BOOL_CONVERSION = YES;
				CLANG_WARN_CONSTANT_CONVERSION = YES;
				CLANG_WARN_DIRECT_OBJC_ISA_USAGE = YES_ERROR;
				CLANG_WARN_DOCUMENTATION_COMMENTS = YES;
				CLANG_WARN_EMPTY_BODY = YES;
				CLANG_WARN_ENUM_CONVERSION = YES;
				CLANG_WARN_INFINITE_RECURSION = YES;
				CLANG_WARN_INT_CONVERSION = YES;
				CLANG_WARN_OBJC_ROOT_CLASS = YES_ERROR;
				CLANG_WARN_SUSPICIOUS_MOVE = YES;
				CLANG_WARN_UNREACHABLE_CODE = YES;
				CLANG_WARN__DUPLICATE_METHOD_MATCH = YES;
				CODE_SIGN_IDENTITY = "-";
				COPY_PHASE_STRIP = NO;
				DEBUG_INFORMATION_FORMAT = "dwarf-with-dsym";
				ENABLE_NS_ASSERTIONS = NO;
				ENABLE_STRICT_OBJC_MSGSEND = YES;
				GCC_C_LANGUAGE_STANDARD = gnu99;
				GCC_NO_COMMON_BLOCKS = YES;
				GCC_WARN_64_TO_32_BIT_CONVERSION = YES;
				GCC_WARN_ABOUT_RETURN_TYPE = YES_ERROR;
				GCC_WARN_UNDECLARED_SELECTOR = YES;
				GCC_WARN_UNINITIALIZED_AUTOS = YES_AGGRESSIVE;
				GCC_WARN_UNUSED_FUNCTION = YES;
				GCC_WARN_UNUSED_VARIABLE = YES;
				MACOSX_DEPLOYMENT_TARGET = 10.12;
				MTL_ENABLE_DEBUG_INFO = NO;
				SDKROOT = macosx;
			};
			name = Release;
		};
		8F17AEC41ED57D1E009CD4A8 /* Debug */ = {
			isa = XCBuildConfiguration;
			buildSettings = {
				DEVELOPMENT_TEAM = DW37L9ATXF;
				PRODUCT_NAME = "$(TARGET_NAME)";
			};
			name = Debug;
		};
		8F17AEC51ED57D1E009CD4A8 /* Release */ = {
			isa = XCBuildConfiguration;
			buildSettings = {
				DEVELOPMENT_TEAM = DW37L9ATXF;
				PRODUCT_NAME = "$(TARGET_NAME)";
			};
			name = Release;
		};
/* End XCBuildConfiguration section */

/* Begin XCConfigurationList section */
		8F17AEB71ED57D1E009CD4A8 /* Build configuration list for PBXProject "Algorithms" */ = {
			isa = XCConfigurationList;
			buildConfigurations = (
				8F17AEC11ED57D1E009CD4A8 /* Debug */,
				8F17AEC21ED57D1E009CD4A8 /* Release */,
			);
			defaultConfigurationIsVisible = 0;
			defaultConfigurationName = Release;
		};
		8F17AEC31ED57D1E009CD4A8 /* Build configuration list for PBXNativeTarget "Algorithms" */ = {
			isa = XCConfigurationList;
			buildConfigurations = (
				8F17AEC41ED57D1E009CD4A8 /* Debug */,
				8F17AEC51ED57D1E009CD4A8 /* Release */,
			);
			defaultConfigurationIsVisible = 0;
			defaultConfigurationName = Release;
		};
/* End XCConfigurationList section */
	};
	rootObject = 8F17AEB41ED57D1E009CD4A8 /* Project object */;
}
